
Microsoft Visual Studio Solution File, Format Version 12.00
# Visual Studio Version 17
VisualStudioVersion = 17.5.002.0
MinimumVisualStudioVersion = 10.0.40219.1
Project("{9A19103F-16F7-4668-BE54-9A1E7A4F7556}") = "sistemacontrolecliente", "sistemacontrolecliente.csproj", "{B1D94B4D-04BD-425D-81D9-55E085982856}"
EndProject
Global
	GlobalSection(SolutionConfigurationPlatforms) = preSolution
		Debug|Any CPU = Debug|Any CPU
		Release|Any CPU = Release|Any CPU
	EndGlobalSection
	GlobalSection(ProjectConfigurationPlatforms) = postSolution
		{B1D94B4D-04BD-425D-81D9-55E085982856}.Debug|Any CPU.ActiveCfg = Debug|Any CPU
		{B1D94B4D-04BD-425D-81D9-55E085982856}.Debug|Any CPU.Build.0 = Debug|Any CPU
		{B1D94B4D-04BD-425D-81D9-55E085982856}.Release|Any CPU.ActiveCfg = Release|Any CPU
		{B1D94B4D-04BD-425D-81D9-55E085982856}.Release|Any CPU.Build.0 = Release|Any CPU
	EndGlobalSection
	GlobalSection(SolutionProperties) = preSolution
		HideSolutionNode = FALSE
	EndGlobalSection
	GlobalSection(ExtensibilityGlobals) = postSolution
		SolutionGuid = {A5254798-A80F-43D4-AD23-ADE17CA513CB}
	EndGlobalSection
EndGlobal
